// !$*UTF8*$!
{
	archiveVersion = 1;
	classes = {
	};
	objectVersion = 77;
	objects = {

/* Begin PBXContainerItemProxy section */
		2363E1542D8EB91C0063ED7D /* PBXContainerItemProxy */ = {
			isa = PBXContainerItemProxy;
			containerPortal = 2363E13E2D8EB91B0063ED7D /* Project object */;
			proxyType = 1;
			remoteGlobalIDString = 2363E1452D8EB91B0063ED7D;
			remoteInfo = Sawvival;
		};
		2363E15E2D8EB91C0063ED7D /* PBXContainerItemProxy */ = {
			isa = PBXContainerItemProxy;
			containerPortal = 2363E13E2D8EB91B0063ED7D /* Project object */;
			proxyType = 1;
			remoteGlobalIDString = 2363E1452D8EB91B0063ED7D;
			remoteInfo = Sawvival;
		};
/* End PBXContainerItemProxy section */

/* Begin PBXFileReference section */
		2363E1462D8EB91B0063ED7D /* Sawvival.app */ = {isa = PBXFileReference; explicitFileType = wrapper.application; includeInIndex = 0; path = Sawvival.app; sourceTree = BUILT_PRODUCTS_DIR; };
		2363E1532D8EB91C0063ED7D /* SawvivalTests.xctest */ = {isa = PBXFileReference; explicitFileType = wrapper.cfbundle; includeInIndex = 0; path = SawvivalTests.xctest; sourceTree = BUILT_PRODUCTS_DIR; };
		2363E15D2D8EB91C0063ED7D /* SawvivalUITests.xctest */ = {isa = PBXFileReference; explicitFileType = wrapper.cfbundle; includeInIndex = 0; path = SawvivalUITests.xctest; sourceTree = BUILT_PRODUCTS_DIR; };
/* End PBXFileReference section */

/* Begin PBXFileSystemSynchronizedRootGroup section */
		2363E1482D8EB91B0063ED7D /* Sawvival */ = {
			isa = PBXFileSystemSynchronizedRootGroup;
			path = Sawvival;
			sourceTree = "<group>";
		};
		2363E1562D8EB91C0063ED7D /* SawvivalTests */ = {
			isa = PBXFileSystemSynchronizedRootGroup;
			path = SawvivalTests;
			sourceTree = "<group>";
		};
		2363E1602D8EB91C0063ED7D /* SawvivalUITests */ = {
			isa = PBXFileSystemSynchronizedRootGroup;
			path = SawvivalUITests;
			sourceTree = "<group>";
		};
/* End PBXFileSystemSynchronizedRootGroup section */

/* Begin PBXFrameworksBuildPhase section */
		2363E1432D8EB91B0063ED7D /* Frameworks */ = {
			isa = PBXFrameworksBuildPhase;
			buildActionMask = 2147483647;
			files = (
			);
			runOnlyForDeploymentPostprocessing = 0;
		};
		2363E1502D8EB91C0063ED7D /* Frameworks */ = {
			isa = PBXFrameworksBuildPhase;
			buildActionMask = 2147483647;
			files = (
			);
			runOnlyForDeploymentPostprocessing = 0;
		};
		2363E15A2D8EB91C0063ED7D /* Frameworks */ = {
			isa = PBXFrameworksBuildPhase;
			buildActionMask = 2147483647;
			files = (
			);
			runOnlyForDeploymentPostprocessing = 0;
		};
/* End PBXFrameworksBuildPhase section */

/* Begin PBXGroup section */
		2363E13D2D8EB91B0063ED7D = {
			isa = PBXGroup;
			children = (
				2363E1482D8EB91B0063ED7D /* Sawvival */,
				2363E1562D8EB91C0063ED7D /* SawvivalTests */,
				2363E1602D8EB91C0063ED7D /* SawvivalUITests */,
				2363E1472D8EB91B0063ED7D /* Products */,
			);
			sourceTree = "<group>";
		};
		2363E1472D8EB91B0063ED7D /* Products */ = {
			isa = PBXGroup;
			children = (
				2363E1462D8EB91B0063ED7D /* Sawvival.app */,
				2363E1532D8EB91C0063ED7D /* SawvivalTests.xctest */,
				2363E15D2D8EB91C0063ED7D /* SawvivalUITests.xctest */,
			);
			name = Products;
			sourceTree = "<group>";
		};
/* End PBXGroup section */

/* Begin PBXNativeTarget section */
		2363E1452D8EB91B0063ED7D /* Sawvival */ = {
			isa = PBXNativeTarget;
			buildConfigurationList = 2363E1672D8EB91C0063ED7D /* Build configuration list for PBXNativeTarget "Sawvival" */;
			buildPhases = (
				2363E1422D8EB91B0063ED7D /* Sources */,
				2363E1432D8EB91B0063ED7D /* Frameworks */,
				2363E1442D8EB91B0063ED7D /* Resources */,
			);
			buildRules = (
			);
			dependencies = (
			);
			fileSystemSynchronizedGroups = (
				2363E1482D8EB91B0063ED7D /* Sawvival */,
			);
			name = Sawvival;
			packageProductDependencies = (
			);
			productName = Sawvival;
			productReference = 2363E1462D8EB91B0063ED7D /* Sawvival.app */;
			productType = "com.apple.product-type.application";
		};
		2363E1522D8EB91C0063ED7D /* SawvivalTests */ = {
			isa = PBXNativeTarget;
			buildConfigurationList = 2363E16A2D8EB91C0063ED7D /* Build configuration list for PBXNativeTarget "SawvivalTests" */;
			buildPhases = (
				2363E14F2D8EB91C0063ED7D /* Sources */,
				2363E1502D8EB91C0063ED7D /* Frameworks */,
				2363E1512D8EB91C0063ED7D /* Resources */,
			);
			buildRules = (
			);
			dependencies = (
				2363E1552D8EB91C0063ED7D /* PBXTargetDependency */,
			);
			fileSystemSynchronizedGroups = (
				2363E1562D8EB91C0063ED7D /* SawvivalTests */,
			);
			name = SawvivalTests;
			packageProductDependencies = (
			);
			productName = SawvivalTests;
			productReference = 2363E1532D8EB91C0063ED7D /* SawvivalTests.xctest */;
			productType = "com.apple.product-type.bundle.unit-test";
		};
		2363E15C2D8EB91C0063ED7D /* SawvivalUITests */ = {
			isa = PBXNativeTarget;
			buildConfigurationList = 2363E16D2D8EB91C0063ED7D /* Build configuration list for PBXNativeTarget "SawvivalUITests" */;
			buildPhases = (
				2363E1592D8EB91C0063ED7D /* Sources */,
				2363E15A2D8EB91C0063ED7D /* Frameworks */,
				2363E15B2D8EB91C0063ED7D /* Resources */,
			);
			buildRules = (
			);
			dependencies = (
				2363E15F2D8EB91C0063ED7D /* PBXTargetDependency */,
			);
			fileSystemSynchronizedGroups = (
				2363E1602D8EB91C0063ED7D /* SawvivalUITests */,
			);
			name = SawvivalUITests;
			packageProductDependencies = (
			);
			productName = SawvivalUITests;
			productReference = 2363E15D2D8EB91C0063ED7D /* SawvivalUITests.xctest */;
			productType = "com.apple.product-type.bundle.ui-testing";
		};
/* End PBXNativeTarget section */

/* Begin PBXProject section */
		2363E13E2D8EB91B0063ED7D /* Project object */ = {
			isa = PBXProject;
			attributes = {
				BuildIndependentTargetsInParallel = 1;
				LastSwiftUpdateCheck = 1630;
				LastUpgradeCheck = 1630;
				TargetAttributes = {
					2363E1452D8EB91B0063ED7D = {
						CreatedOnToolsVersion = 16.3;
					};
					2363E1522D8EB91C0063ED7D = {
						CreatedOnToolsVersion = 16.3;
						TestTargetID = 2363E1452D8EB91B0063ED7D;
					};
					2363E15C2D8EB91C0063ED7D = {
						CreatedOnToolsVersion = 16.3;
						TestTargetID = 2363E1452D8EB91B0063ED7D;
					};
				};
			};
			buildConfigurationList = 2363E1412D8EB91B0063ED7D /* Build configuration list for PBXProject "Sawvival" */;
			developmentRegion = en;
			hasScannedForEncodings = 0;
			knownRegions = (
				en,
				Base,
			);
			mainGroup = 2363E13D2D8EB91B0063ED7D;
			minimizedProjectReferenceProxies = 1;
			preferredProjectObjectVersion = 77;
			productRefGroup = 2363E1472D8EB91B0063ED7D /* Products */;
			projectDirPath = "";
			projectRoot = "";
			targets = (
				2363E1452D8EB91B0063ED7D /* Sawvival */,
				2363E1522D8EB91C0063ED7D /* SawvivalTests */,
				2363E15C2D8EB91C0063ED7D /* SawvivalUITests */,
			);
		};
/* End PBXProject section */

/* Begin PBXResourcesBuildPhase section */
		2363E1442D8EB91B0063ED7D /* Resources */ = {
			isa = PBXResourcesBuildPhase;
			buildActionMask = 2147483647;
			files = (
			);
			runOnlyForDeploymentPostprocessing = 0;
		};
		2363E1512D8EB91C0063ED7D /* Resources */ = {
			isa = PBXResourcesBuildPhase;
			buildActionMask = 2147483647;
			files = (
			);
			runOnlyForDeploymentPostprocessing = 0;
		};
		2363E15B2D8EB91C0063ED7D /* Resources */ = {
			isa = PBXResourcesBuildPhase;
			buildActionMask = 2147483647;
			files = (
			);
			runOnlyForDeploymentPostprocessing = 0;
		};
/* End PBXResourcesBuildPhase section */

/* Begin PBXSourcesBuildPhase section */
		2363E1422D8EB91B0063ED7D /* Sources */ = {
			isa = PBXSourcesBuildPhase;
			buildActionMask = 2147483647;
			files = (
			);
			runOnlyForDeploymentPostprocessing = 0;
		};
		2363E14F2D8EB91C0063ED7D /* Sources */ = {
			isa = PBXSourcesBuildPhase;
			buildActionMask = 2147483647;
			files = (
			);
			runOnlyForDeploymentPostprocessing = 0;
		};
		2363E1592D8EB91C0063ED7D /* Sources */ = {
			isa = PBXSourcesBuildPhase;
			buildActionMask = 2147483647;
			files = (
			);
			runOnlyForDeploymentPostprocessing = 0;
		};
/* End PBXSourcesBuildPhase section */

/* Begin PBXTargetDependency section */
		2363E1552D8EB91C0063ED7D /* PBXTargetDependency */ = {
			isa = PBXTargetDependency;
			target = 2363E1452D8EB91B0063ED7D /* Sawvival */;
			targetProxy = 2363E1542D8EB91C0063ED7D /* PBXContainerItemProxy */;
		};
		2363E15F2D8EB91C0063ED7D /* PBXTargetDependency */ = {
			isa = PBXTargetDependency;
			target = 2363E1452D8EB91B0063ED7D /* Sawvival */;
			targetProxy = 2363E15E2D8EB91C0063ED7D /* PBXContainerItemProxy */;
		};
/* End PBXTargetDependency section */

/* Begin XCBuildConfiguration section */
		2363E1652D8EB91C0063ED7D /* Debug */ = {
			isa = XCBuildConfiguration;
			buildSettings = {
				ALWAYS_SEARCH_USER_PATHS = NO;
				ASSETCATALOG_COMPILER_GENERATE_SWIFT_ASSET_SYMBOL_EXTENSIONS = YES;
				CLANG_ANALYZER_NONNULL = YES;
				CLANG_ANALYZER_NUMBER_OBJECT_CONVERSION = YES_AGGRESSIVE;
				CLANG_CXX_LANGUAGE_STANDARD = "gnu++20";
				CLANG_ENABLE_MODULES = YES;
				CLANG_ENABLE_OBJC_ARC = YES;
				CLANG_ENABLE_OBJC_WEAK = YES;
				CLANG_WARN_BLOCK_CAPTURE_AUTORELEASING = YES;
				CLANG_WARN_BOOL_CONVERSION = YES;
				CLANG_WARN_COMMA = YES;
				CLANG_WARN_CONSTANT_CONVERSION = YES;
				CLANG_WARN_DEPRECATED_OBJC_IMPLEMENTATIONS = YES;
				CLANG_WARN_DIRECT_OBJC_ISA_USAGE = YES_ERROR;
				CLANG_WARN_DOCUMENTATION_COMMENTS = YES;
				CLANG_WARN_EMPTY_BODY = YES;
				CLANG_WARN_ENUM_CONVERSION = YES;
				CLANG_WARN_INFINITE_RECURSION = YES;
				CLANG_WARN_INT_CONVERSION = YES;
				CLANG_WARN_NON_LITERAL_NULL_CONVERSION = YES;
				CLANG_WARN_OBJC_IMPLICIT_RETAIN_SELF = YES;
				CLANG_WARN_OBJC_LITERAL_CONVERSION = YES;
				CLANG_WARN_OBJC_ROOT_CLASS = YES_ERROR;
				CLANG_WARN_QUOTED_INCLUDE_IN_FRAMEWORK_HEADER = YES;
				CLANG_WARN_RANGE_LOOP_ANALYSIS = YES;
				CLANG_WARN_STRICT_PROTOTYPES = YES;
				CLANG_WARN_SUSPICIOUS_MOVE = YES;
				CLANG_WARN_UNGUARDED_AVAILABILITY = YES_AGGRESSIVE;
				CLANG_WARN_UNREACHABLE_CODE = YES;
				CLANG_WARN__DUPLICATE_METHOD_MATCH = YES;
				COPY_PHASE_STRIP = NO;
				DEBUG_INFORMATION_FORMAT = dwarf;
				DEVELOPMENT_TEAM = ZQCK5WLKEQ;
				ENABLE_STRICT_OBJC_MSGSEND = YES;
				ENABLE_TESTABILITY = YES;
				ENABLE_USER_SCRIPT_SANDBOXING = YES;
				GCC_C_LANGUAGE_STANDARD = gnu17;
				GCC_DYNAMIC_NO_PIC = NO;
				GCC_NO_COMMON_BLOCKS = YES;
				GCC_OPTIMIZATION_LEVEL = 0;
				GCC_PREPROCESSOR_DEFINITIONS = (
					"DEBUG=1",
					"$(inherited)",
				);
				GCC_WARN_64_TO_32_BIT_CONVERSION = YES;
				GCC_WARN_ABOUT_RETURN_TYPE = YES_ERROR;
				GCC_WARN_UNDECLARED_SELECTOR = YES;
				GCC_WARN_UNINITIALIZED_AUTOS = YES_AGGRESSIVE;
				GCC_WARN_UNUSED_FUNCTION = YES;
				GCC_WARN_UNUSED_VARIABLE = YES;
				IPHONEOS_DEPLOYMENT_TARGET = 18.4;
				LOCALIZATION_PREFERS_STRING_CATALOGS = YES;
				MTL_ENABLE_DEBUG_INFO = INCLUDE_SOURCE;
				MTL_FAST_MATH = YES;
				ONLY_ACTIVE_ARCH = YES;
				SDKROOT = iphoneos;
				SWIFT_ACTIVE_COMPILATION_CONDITIONS = "DEBUG $(inherited)";
				SWIFT_OPTIMIZATION_LEVEL = "-Onone";
			};
			name = Debug;
		};
		2363E1662D8EB91C0063ED7D /* Release */ = {
			isa = XCBuildConfiguration;
			buildSettings = {
				ALWAYS_SEARCH_USER_PATHS = NO;
				ASSETCATALOG_COMPILER_GENERATE_SWIFT_ASSET_SYMBOL_EXTENSIONS = YES;
				CLANG_ANALYZER_NONNULL = YES;
				CLANG_ANALYZER_NUMBER_OBJECT_CONVERSION = YES_AGGRESSIVE;
				CLANG_CXX_LANGUAGE_STANDARD = "gnu++20";
				CLANG_ENABLE_MODULES = YES;
				CLANG_ENABLE_OBJC_ARC = YES;
				CLANG_ENABLE_OBJC_WEAK = YES;
				CLANG_WARN_BLOCK_CAPTURE_AUTORELEASING = YES;
				CLANG_WARN_BOOL_CONVERSION = YES;
				CLANG_WARN_COMMA = YES;
				CLANG_WARN_CONSTANT_CONVERSION = YES;
				CLANG_WARN_DEPRECATED_OBJC_IMPLEMENTATIONS = YES;
				CLANG_WARN_DIRECT_OBJC_ISA_USAGE = YES_ERROR;
				CLANG_WARN_DOCUMENTATION_COMMENTS = YES;
				CLANG_WARN_EMPTY_BODY = YES;
				CLANG_WARN_ENUM_CONVERSION = YES;
				CLANG_WARN_INFINITE_RECURSION = YES;
				CLANG_WARN_INT_CONVERSION = YES;
				CLANG_WARN_NON_LITERAL_NULL_CONVERSION = YES;
				CLANG_WARN_OBJC_IMPLICIT_RETAIN_SELF = YES;
				CLANG_WARN_OBJC_LITERAL_CONVERSION = YES;
				CLANG_WARN_OBJC_ROOT_CLASS = YES_ERROR;
				CLANG_WARN_QUOTED_INCLUDE_IN_FRAMEWORK_HEADER = YES;
				CLANG_WARN_RANGE_LOOP_ANALYSIS = YES;
				CLANG_WARN_STRICT_PROTOTYPES = YES;
				CLANG_WARN_SUSPICIOUS_MOVE = YES;
				CLANG_WARN_UNGUARDED_AVAILABILITY = YES_AGGRESSIVE;
				CLANG_WARN_UNREACHABLE_CODE = YES;
				CLANG_WARN__DUPLICATE_METHOD_MATCH = YES;
				COPY_PHASE_STRIP = NO;
				DEBUG_INFORMATION_FORMAT = "dwarf-with-dsym";
				DEVELOPMENT_TEAM = ZQCK5WLKEQ;
				ENABLE_NS_ASSERTIONS = NO;
				ENABLE_STRICT_OBJC_MSGSEND = YES;
				ENABLE_USER_SCRIPT_SANDBOXING = YES;
				GCC_C_LANGUAGE_STANDARD = gnu17;
				GCC_NO_COMMON_BLOCKS = YES;
				GCC_WARN_64_TO_32_BIT_CONVERSION = YES;
				GCC_WARN_ABOUT_RETURN_TYPE = YES_ERROR;
				GCC_WARN_UNDECLARED_SELECTOR = YES;
				GCC_WARN_UNINITIALIZED_AUTOS = YES_AGGRESSIVE;
				GCC_WARN_UNUSED_FUNCTION = YES;
				GCC_WARN_UNUSED_VARIABLE = YES;
				IPHONEOS_DEPLOYMENT_TARGET = 18.4;
				LOCALIZATION_PREFERS_STRING_CATALOGS = YES;
				MTL_ENABLE_DEBUG_INFO = NO;
				MTL_FAST_MATH = YES;
				SDKROOT = iphoneos;
				SWIFT_COMPILATION_MODE = wholemodule;
				VALIDATE_PRODUCT = YES;
			};
			name = Release;
		};
		2363E1682D8EB91C0063ED7D /* Debug */ = {
			isa = XCBuildConfiguration;
			buildSettings = {
				ASSETCATALOG_COMPILER_APPICON_NAME = AppIcon;
				ASSETCATALOG_COMPILER_GLOBAL_ACCENT_COLOR_NAME = AccentColor;
				CODE_SIGN_STYLE = Automatic;
				CURRENT_PROJECT_VERSION = 1;
				DEVELOPMENT_TEAM = ZQCK5WLKEQ;
				ENABLE_PREVIEWS = YES;
				GENERATE_INFOPLIST_FILE = YES;
				INFOPLIST_KEY_UIApplicationSceneManifest_Generation = YES;
				INFOPLIST_KEY_UIApplicationSupportsIndirectInputEvents = YES;
				INFOPLIST_KEY_UILaunchScreen_Generation = YES;
				INFOPLIST_KEY_UISupportedInterfaceOrientations_iPad = "UIInterfaceOrientationPortrait UIInterfaceOrientationPortraitUpsideDown UIInterfaceOrientationLandscapeLeft UIInterfaceOrientationLandscapeRight";
				INFOPLIST_KEY_UISupportedInterfaceOrientations_iPhone = "UIInterfaceOrientationPortrait UIInterfaceOrientationLandscapeLeft UIInterfaceOrientationLandscapeRight";
				LD_RUNPATH_SEARCH_PATHS = (
					"$(inherited)",
					"@executable_path/Frameworks",
				);
				MARKETING_VERSION = 1.0;
				PRODUCT_BUNDLE_IDENTIFIER = bonk.Sawvival;
				PRODUCT_NAME = "$(TARGET_NAME)";
				SWIFT_EMIT_LOC_STRINGS = YES;
				SWIFT_VERSION = 5.0;
				TARGETED_DEVICE_FAMILY = "1,2";
			};
			name = Debug;
		};
		2363E1692D8EB91C0063ED7D /* Release */ = {
			isa = XCBuildConfiguration;
			buildSettings = {
				ASSETCATALOG_COMPILER_APPICON_NAME = AppIcon;
				ASSETCATALOG_COMPILER_GLOBAL_ACCENT_COLOR_NAME = AccentColor;
				CODE_SIGN_STYLE = Automatic;
				CURRENT_PROJECT_VERSION = 1;
				DEVELOPMENT_TEAM = ZQCK5WLKEQ;
				ENABLE_PREVIEWS = YES;
				GENERATE_INFOPLIST_FILE = YES;
				INFOPLIST_KEY_UIApplicationSceneManifest_Generation = YES;
				INFOPLIST_KEY_UIApplicationSupportsIndirectInputEvents = YES;
				INFOPLIST_KEY_UILaunchScreen_Generation = YES;
				INFOPLIST_KEY_UISupportedInterfaceOrientations_iPad = "UIInterfaceOrientationPortrait UIInterfaceOrientationPortraitUpsideDown UIInterfaceOrientationLandscapeLeft UIInterfaceOrientationLandscapeRight";
				INFOPLIST_KEY_UISupportedInterfaceOrientations_iPhone = "UIInterfaceOrientationPortrait UIInterfaceOrientationLandscapeLeft UIInterfaceOrientationLandscapeRight";
				LD_RUNPATH_SEARCH_PATHS = (
					"$(inherited)",
					"@executable_path/Frameworks",
				);
				MARKETING_VERSION = 1.0;
				PRODUCT_BUNDLE_IDENTIFIER = bonk.Sawvival;
				PRODUCT_NAME = "$(TARGET_NAME)";
				SWIFT_EMIT_LOC_STRINGS = YES;
				SWIFT_VERSION = 5.0;
				TARGETED_DEVICE_FAMILY = "1,2";
			};
			name = Release;
		};
		2363E16B2D8EB91C0063ED7D /* Debug */ = {
			isa = XCBuildConfiguration;
			buildSettings = {
				BUNDLE_LOADER = "$(TEST_HOST)";
				CODE_SIGN_STYLE = Automatic;
				CURRENT_PROJECT_VERSION = 1;
				DEVELOPMENT_TEAM = ZQCK5WLKEQ;
				GENERATE_INFOPLIST_FILE = YES;
				IPHONEOS_DEPLOYMENT_TARGET = 18.4;
				MARKETING_VERSION = 1.0;
				PRODUCT_BUNDLE_IDENTIFIER = bonk.SawvivalTests;
				PRODUCT_NAME = "$(TARGET_NAME)";
				SWIFT_EMIT_LOC_STRINGS = NO;
				SWIFT_VERSION = 5.0;
				TARGETED_DEVICE_FAMILY = "1,2";
				TEST_HOST = "$(BUILT_PRODUCTS_DIR)/Sawvival.app/$(BUNDLE_EXECUTABLE_FOLDER_PATH)/Sawvival";
			};
			name = Debug;
		};
		2363E16C2D8EB91C0063ED7D /* Release */ = {
			isa = XCBuildConfiguration;
			buildSettings = {
				BUNDLE_LOADER = "$(TEST_HOST)";
				CODE_SIGN_STYLE = Automatic;
				CURRENT_PROJECT_VERSION = 1;
				DEVELOPMENT_TEAM = ZQCK5WLKEQ;
				GENERATE_INFOPLIST_FILE = YES;
				IPHONEOS_DEPLOYMENT_TARGET = 18.4;
				MARKETING_VERSION = 1.0;
				PRODUCT_BUNDLE_IDENTIFIER = bonk.SawvivalTests;
				PRODUCT_NAME = "$(TARGET_NAME)";
				SWIFT_EMIT_LOC_STRINGS = NO;
				SWIFT_VERSION = 5.0;
				TARGETED_DEVICE_FAMILY = "1,2";
				TEST_HOST = "$(BUILT_PRODUCTS_DIR)/Sawvival.app/$(BUNDLE_EXECUTABLE_FOLDER_PATH)/Sawvival";
			};
			name = Release;
		};
		2363E16E2D8EB91C0063ED7D /* Debug */ = {
			isa = XCBuildConfiguration;
			buildSettings = {
				CODE_SIGN_STYLE = Automatic;
				CURRENT_PROJECT_VERSION = 1;
				DEVELOPMENT_TEAM = ZQCK5WLKEQ;
				GENERATE_INFOPLIST_FILE = YES;
				MARKETING_VERSION = 1.0;
				PRODUCT_BUNDLE_IDENTIFIER = bonk.SawvivalUITests;
				PRODUCT_NAME = "$(TARGET_NAME)";
				SWIFT_EMIT_LOC_STRINGS = NO;
				SWIFT_VERSION = 5.0;
				TARGETED_DEVICE_FAMILY = "1,2";
				TEST_TARGET_NAME = Sawvival;
			};
			name = Debug;
		};
		2363E16F2D8EB91C0063ED7D /* Release */ = {
			isa = XCBuildConfiguration;
			buildSettings = {
				CODE_SIGN_STYLE = Automatic;
				CURRENT_PROJECT_VERSION = 1;
				DEVELOPMENT_TEAM = ZQCK5WLKEQ;
				GENERATE_INFOPLIST_FILE = YES;
				MARKETING_VERSION = 1.0;
				PRODUCT_BUNDLE_IDENTIFIER = bonk.SawvivalUITests;
				PRODUCT_NAME = "$(TARGET_NAME)";
				SWIFT_EMIT_LOC_STRINGS = NO;
				SWIFT_VERSION = 5.0;
				TARGETED_DEVICE_FAMILY = "1,2";
				TEST_TARGET_NAME = Sawvival;
			};
			name = Release;
		};
/* End XCBuildConfiguration section */

/* Begin XCConfigurationList section */
		2363E1412D8EB91B0063ED7D /* Build configuration list for PBXProject "Sawvival" */ = {
			isa = XCConfigurationList;
			buildConfigurations = (
				2363E1652D8EB91C0063ED7D /* Debug */,
				2363E1662D8EB91C0063ED7D /* Release */,
			);
			defaultConfigurationIsVisible = 0;
			defaultConfigurationName = Release;
		};
		2363E1672D8EB91C0063ED7D /* Build configuration list for PBXNativeTarget "Sawvival" */ = {
			isa = XCConfigurationList;
			buildConfigurations = (
				2363E1682D8EB91C0063ED7D /* Debug */,
				2363E1692D8EB91C0063ED7D /* Release */,
			);
			defaultConfigurationIsVisible = 0;
			defaultConfigurationName = Release;
		};
		2363E16A2D8EB91C0063ED7D /* Build configuration list for PBXNativeTarget "SawvivalTests" */ = {
			isa = XCConfigurationList;
			buildConfigurations = (
				2363E16B2D8EB91C0063ED7D /* Debug */,
				2363E16C2D8EB91C0063ED7D /* Release */,
			);
			defaultConfigurationIsVisible = 0;
			defaultConfigurationName = Release;
		};
		2363E16D2D8EB91C0063ED7D /* Build configuration list for PBXNativeTarget "SawvivalUITests" */ = {
			isa = XCConfigurationList;
			buildConfigurations = (
				2363E16E2D8EB91C0063ED7D /* Debug */,
				2363E16F2D8EB91C0063ED7D /* Release */,
			);
			defaultConfigurationIsVisible = 0;
			defaultConfigurationName = Release;
		};
/* End XCConfigurationList section */
	};
	rootObject = 2363E13E2D8EB91B0063ED7D /* Project object */;
}
